
Microsoft Visual Studio Solution File, Format Version 12.00
# Visual Studio Version 16
VisualStudioVersion = 16.0.31205.134
MinimumVisualStudioVersion = 10.0.40219.1
Project("{FAE04EC0-301F-11D3-BF4B-00C04F79EFBC}") = "QuarkSolution", "QuarkSolution\QuarkSolution.csproj", "{61C2E24B-AF6A-48AE-8B36-B0E3BFE563FD}"
EndProject
Global
	GlobalSection(SolutionConfigurationPlatforms) = preSolution
		Debug|Any CPU = Debug|Any CPU
		Release|Any CPU = Release|Any CPU
	EndGlobalSection
	GlobalSection(ProjectConfigurationPlatforms) = postSolution
		{61C2E24B-AF6A-48AE-8B36-B0E3BFE563FD}.Debug|Any CPU.ActiveCfg = Debug|Any CPU
		{61C2E24B-AF6A-48AE-8B36-B0E3BFE563FD}.Debug|Any CPU.Build.0 = Debug|Any CPU
		{61C2E24B-AF6A-48AE-8B36-B0E3BFE563FD}.Release|Any CPU.ActiveCfg = Release|Any CPU
		{61C2E24B-AF6A-48AE-8B36-B0E3BFE563FD}.Release|Any CPU.Build.0 = Release|Any CPU
	EndGlobalSection
	GlobalSection(SolutionProperties) = preSolution
		HideSolutionNode = FALSE
	EndGlobalSection
	GlobalSection(ExtensibilityGlobals) = postSolution
		SolutionGuid = {4079C82B-9508-462B-A1AA-3302BAC98AD9}
	EndGlobalSection
EndGlobal
